
Microsoft Visual Studio Solution File, Format Version 12.00
# Visual Studio Version 16
VisualStudioVersion = 16.0.32228.343
MinimumVisualStudioVersion = 10.0.40219.1
Project("{FAE04EC0-301F-11D3-BF4B-00C04F79EFBC}") = "ProjekPV", "ProjekPV\ProjekPV.csproj", "{26BF90E2-54DF-4FFD-9346-946EB619037B}"
EndProject
Global
	GlobalSection(SolutionConfigurationPlatforms) = preSolution
		Debug|Any CPU = Debug|Any CPU
		Release|Any CPU = Release|Any CPU
	EndGlobalSection
	GlobalSection(ProjectConfigurationPlatforms) = postSolution
		{26BF90E2-54DF-4FFD-9346-946EB619037B}.Debug|Any CPU.ActiveCfg = Debug|Any CPU
		{26BF90E2-54DF-4FFD-9346-946EB619037B}.Debug|Any CPU.Build.0 = Debug|Any CPU
		{26BF90E2-54DF-4FFD-9346-946EB619037B}.Release|Any CPU.ActiveCfg = Release|Any CPU
		{26BF90E2-54DF-4FFD-9346-946EB619037B}.Release|Any CPU.Build.0 = Release|Any CPU
	EndGlobalSection
	GlobalSection(SolutionProperties) = preSolution
		HideSolutionNode = FALSE
	EndGlobalSection
	GlobalSection(ExtensibilityGlobals) = postSolution
		SolutionGuid = {3BF6A401-F8E7-4C14-9DDB-1F17909D1A9D}
	EndGlobalSection
EndGlobal
